// !$*UTF8*$!
{
	archiveVersion = 1;
	classes = {
	};
	objectVersion = 46;
	objects = {

/* Begin PBXBuildFile section */
		0FC803CE5113F30C329755CE /* Pods.framework in Frameworks */ = {isa = PBXBuildFile; fileRef = 031F2D13959FD31B88621E77 /* Pods.framework */; settings = {ATTRIBUTES = (Weak, ); }; };
		B57BDB4B1B2C590600939199 /* LoginViewController.swift in Sources */ = {isa = PBXBuildFile; fileRef = B57BDB4A1B2C590600939199 /* LoginViewController.swift */; };
		B57BDB4D1B2C608900939199 /* InitialTabbarController.swift in Sources */ = {isa = PBXBuildFile; fileRef = B57BDB4C1B2C608900939199 /* InitialTabbarController.swift */; };
		B57BDB4F1B2C65AE00939199 /* FriendsListController.swift in Sources */ = {isa = PBXBuildFile; fileRef = B57BDB4E1B2C65AE00939199 /* FriendsListController.swift */; };
		B57BDB511B2C7E9800939199 /* PersonsViewController.swift in Sources */ = {isa = PBXBuildFile; fileRef = B57BDB501B2C7E9800939199 /* PersonsViewController.swift */; };
		B57BDB531B2C839500939199 /* ScanViewController.swift in Sources */ = {isa = PBXBuildFile; fileRef = B57BDB521B2C839500939199 /* ScanViewController.swift */; };
		D1D3692A1B2C396C008B79F7 /* AppDelegate.swift in Sources */ = {isa = PBXBuildFile; fileRef = D1D369291B2C396C008B79F7 /* AppDelegate.swift */; };
		D1D3692C1B2C396C008B79F7 /* FirstViewController.swift in Sources */ = {isa = PBXBuildFile; fileRef = D1D3692B1B2C396C008B79F7 /* FirstViewController.swift */; };
		D1D3692E1B2C396C008B79F7 /* TransactionsViewController.swift in Sources */ = {isa = PBXBuildFile; fileRef = D1D3692D1B2C396C008B79F7 /* TransactionsViewController.swift */; };
		D1D369311B2C396C008B79F7 /* Main.storyboard in Resources */ = {isa = PBXBuildFile; fileRef = D1D3692F1B2C396C008B79F7 /* Main.storyboard */; };
		D1D369331B2C396C008B79F7 /* Images.xcassets in Resources */ = {isa = PBXBuildFile; fileRef = D1D369321B2C396C008B79F7 /* Images.xcassets */; };
		D1D369361B2C396C008B79F7 /* LaunchScreen.xib in Resources */ = {isa = PBXBuildFile; fileRef = D1D369341B2C396C008B79F7 /* LaunchScreen.xib */; };
		D1D369421B2C396C008B79F7 /* pocketmoneyTests.swift in Sources */ = {isa = PBXBuildFile; fileRef = D1D369411B2C396C008B79F7 /* pocketmoneyTests.swift */; };
/* End PBXBuildFile section */

/* Begin PBXContainerItemProxy section */
		D1D3693C1B2C396C008B79F7 /* PBXContainerItemProxy */ = {
			isa = PBXContainerItemProxy;
			containerPortal = D1D3691C1B2C396C008B79F7 /* Project object */;
			proxyType = 1;
			remoteGlobalIDString = D1D369231B2C396C008B79F7;
			remoteInfo = pocketmoney;
		};
/* End PBXContainerItemProxy section */

/* Begin PBXFileReference section */
		031F2D13959FD31B88621E77 /* Pods.framework */ = {isa = PBXFileReference; explicitFileType = wrapper.framework; includeInIndex = 0; path = Pods.framework; sourceTree = BUILT_PRODUCTS_DIR; };
		3890560D6DFB08EBC1BE525A /* Pods.release.xcconfig */ = {isa = PBXFileReference; includeInIndex = 1; lastKnownFileType = text.xcconfig; name = Pods.release.xcconfig; path = "Pods/Target Support Files/Pods/Pods.release.xcconfig"; sourceTree = "<group>"; };
		A85F50EA1590B9EBD80AF0E4 /* Pods.debug.xcconfig */ = {isa = PBXFileReference; includeInIndex = 1; lastKnownFileType = text.xcconfig; name = Pods.debug.xcconfig; path = "Pods/Target Support Files/Pods/Pods.debug.xcconfig"; sourceTree = "<group>"; };
		B57BDB471B2C4D0600939199 /* pocketmoney-Bridging-Header.h */ = {isa = PBXFileReference; lastKnownFileType = sourcecode.c.h; path = "pocketmoney-Bridging-Header.h"; sourceTree = "<group>"; };
		B57BDB4A1B2C590600939199 /* LoginViewController.swift */ = {isa = PBXFileReference; fileEncoding = 4; lastKnownFileType = sourcecode.swift; path = LoginViewController.swift; sourceTree = "<group>"; };
		B57BDB4C1B2C608900939199 /* InitialTabbarController.swift */ = {isa = PBXFileReference; fileEncoding = 4; lastKnownFileType = sourcecode.swift; path = InitialTabbarController.swift; sourceTree = "<group>"; };
		B57BDB4E1B2C65AE00939199 /* FriendsListController.swift */ = {isa = PBXFileReference; fileEncoding = 4; lastKnownFileType = sourcecode.swift; path = FriendsListController.swift; sourceTree = "<group>"; };
		B57BDB501B2C7E9800939199 /* PersonsViewController.swift */ = {isa = PBXFileReference; fileEncoding = 4; lastKnownFileType = sourcecode.swift; path = PersonsViewController.swift; sourceTree = "<group>"; };
		B57BDB521B2C839500939199 /* ScanViewController.swift */ = {isa = PBXFileReference; fileEncoding = 4; lastKnownFileType = sourcecode.swift; path = ScanViewController.swift; sourceTree = "<group>"; };
		D1D369241B2C396C008B79F7 /* pocketmoney.app */ = {isa = PBXFileReference; explicitFileType = wrapper.application; includeInIndex = 0; path = pocketmoney.app; sourceTree = BUILT_PRODUCTS_DIR; };
		D1D369281B2C396C008B79F7 /* Info.plist */ = {isa = PBXFileReference; lastKnownFileType = text.plist.xml; path = Info.plist; sourceTree = "<group>"; };
		D1D369291B2C396C008B79F7 /* AppDelegate.swift */ = {isa = PBXFileReference; lastKnownFileType = sourcecode.swift; path = AppDelegate.swift; sourceTree = "<group>"; };
		D1D3692B1B2C396C008B79F7 /* FirstViewController.swift */ = {isa = PBXFileReference; lastKnownFileType = sourcecode.swift; path = FirstViewController.swift; sourceTree = "<group>"; };
		D1D3692D1B2C396C008B79F7 /* TransactionsViewController.swift */ = {isa = PBXFileReference; lastKnownFileType = sourcecode.swift; path = TransactionsViewController.swift; sourceTree = "<group>"; };
		D1D369301B2C396C008B79F7 /* Base */ = {isa = PBXFileReference; lastKnownFileType = file.storyboard; name = Base; path = Base.lproj/Main.storyboard; sourceTree = "<group>"; };
		D1D369321B2C396C008B79F7 /* Images.xcassets */ = {isa = PBXFileReference; lastKnownFileType = folder.assetcatalog; path = Images.xcassets; sourceTree = "<group>"; };
		D1D369351B2C396C008B79F7 /* Base */ = {isa = PBXFileReference; lastKnownFileType = file.xib; name = Base; path = Base.lproj/LaunchScreen.xib; sourceTree = "<group>"; };
		D1D3693B1B2C396C008B79F7 /* pocketmoneyTests.xctest */ = {isa = PBXFileReference; explicitFileType = wrapper.cfbundle; includeInIndex = 0; path = pocketmoneyTests.xctest; sourceTree = BUILT_PRODUCTS_DIR; };
		D1D369401B2C396C008B79F7 /* Info.plist */ = {isa = PBXFileReference; lastKnownFileType = text.plist.xml; path = Info.plist; sourceTree = "<group>"; };
		D1D369411B2C396C008B79F7 /* pocketmoneyTests.swift */ = {isa = PBXFileReference; lastKnownFileType = sourcecode.swift; path = pocketmoneyTests.swift; sourceTree = "<group>"; };
/* End PBXFileReference section */

/* Begin PBXFrameworksBuildPhase section */
		D1D369211B2C396C008B79F7 /* Frameworks */ = {
			isa = PBXFrameworksBuildPhase;
			buildActionMask = 2147483647;
			files = (
				0FC803CE5113F30C329755CE /* Pods.framework in Frameworks */,
			);
			runOnlyForDeploymentPostprocessing = 0;
		};
		D1D369381B2C396C008B79F7 /* Frameworks */ = {
			isa = PBXFrameworksBuildPhase;
			buildActionMask = 2147483647;
			files = (
			);
			runOnlyForDeploymentPostprocessing = 0;
		};
/* End PBXFrameworksBuildPhase section */

/* Begin PBXGroup section */
		5E4B0637C93E3CF461D97949 /* Pods */ = {
			isa = PBXGroup;
			children = (
				A85F50EA1590B9EBD80AF0E4 /* Pods.debug.xcconfig */,
				3890560D6DFB08EBC1BE525A /* Pods.release.xcconfig */,
			);
			name = Pods;
			sourceTree = "<group>";
		};
		8DD1E39198A50D4EA1D1E9F3 /* Frameworks */ = {
			isa = PBXGroup;
			children = (
				031F2D13959FD31B88621E77 /* Pods.framework */,
			);
			name = Frameworks;
			sourceTree = "<group>";
		};
		D1D3691B1B2C396C008B79F7 = {
			isa = PBXGroup;
			children = (
				D1D369261B2C396C008B79F7 /* pocketmoney */,
				D1D3693E1B2C396C008B79F7 /* pocketmoneyTests */,
				D1D369251B2C396C008B79F7 /* Products */,
				5E4B0637C93E3CF461D97949 /* Pods */,
				8DD1E39198A50D4EA1D1E9F3 /* Frameworks */,
			);
			sourceTree = "<group>";
		};
		D1D369251B2C396C008B79F7 /* Products */ = {
			isa = PBXGroup;
			children = (
				D1D369241B2C396C008B79F7 /* pocketmoney.app */,
				D1D3693B1B2C396C008B79F7 /* pocketmoneyTests.xctest */,
			);
			name = Products;
			sourceTree = "<group>";
		};
		D1D369261B2C396C008B79F7 /* pocketmoney */ = {
			isa = PBXGroup;
			children = (
				D1D369291B2C396C008B79F7 /* AppDelegate.swift */,
				D1D3692B1B2C396C008B79F7 /* FirstViewController.swift */,
				D1D3692D1B2C396C008B79F7 /* TransactionsViewController.swift */,
				D1D3692F1B2C396C008B79F7 /* Main.storyboard */,
				D1D369321B2C396C008B79F7 /* Images.xcassets */,
				D1D369341B2C396C008B79F7 /* LaunchScreen.xib */,
				D1D369271B2C396C008B79F7 /* Supporting Files */,
				B57BDB471B2C4D0600939199 /* pocketmoney-Bridging-Header.h */,
				B57BDB4A1B2C590600939199 /* LoginViewController.swift */,
				B57BDB4C1B2C608900939199 /* InitialTabbarController.swift */,
				B57BDB4E1B2C65AE00939199 /* FriendsListController.swift */,
				B57BDB501B2C7E9800939199 /* PersonsViewController.swift */,
				B57BDB521B2C839500939199 /* ScanViewController.swift */,
			);
			path = pocketmoney;
			sourceTree = "<group>";
		};
		D1D369271B2C396C008B79F7 /* Supporting Files */ = {
			isa = PBXGroup;
			children = (
				D1D369281B2C396C008B79F7 /* Info.plist */,
			);
			name = "Supporting Files";
			sourceTree = "<group>";
		};
		D1D3693E1B2C396C008B79F7 /* pocketmoneyTests */ = {
			isa = PBXGroup;
			children = (
				D1D369411B2C396C008B79F7 /* pocketmoneyTests.swift */,
				D1D3693F1B2C396C008B79F7 /* Supporting Files */,
			);
			path = pocketmoneyTests;
			sourceTree = "<group>";
		};
		D1D3693F1B2C396C008B79F7 /* Supporting Files */ = {
			isa = PBXGroup;
			children = (
				D1D369401B2C396C008B79F7 /* Info.plist */,
			);
			name = "Supporting Files";
			sourceTree = "<group>";
		};
/* End PBXGroup section */

/* Begin PBXNativeTarget section */
		D1D369231B2C396C008B79F7 /* pocketmoney */ = {
			isa = PBXNativeTarget;
			buildConfigurationList = D1D369451B2C396C008B79F7 /* Build configuration list for PBXNativeTarget "pocketmoney" */;
			buildPhases = (
				5A1AC8E42E0725037DF99F9C /* Check Pods Manifest.lock */,
				D1D369201B2C396C008B79F7 /* Sources */,
				D1D369211B2C396C008B79F7 /* Frameworks */,
				D1D369221B2C396C008B79F7 /* Resources */,
				495154D47C1A5D0B1DA3DA24 /* Embed Pods Frameworks */,
				F0404558EE963A4D6EDB3EC2 /* Copy Pods Resources */,
			);
			buildRules = (
			);
			dependencies = (
			);
			name = pocketmoney;
			productName = pocketmoney;
			productReference = D1D369241B2C396C008B79F7 /* pocketmoney.app */;
			productType = "com.apple.product-type.application";
		};
		D1D3693A1B2C396C008B79F7 /* pocketmoneyTests */ = {
			isa = PBXNativeTarget;
			buildConfigurationList = D1D369481B2C396C008B79F7 /* Build configuration list for PBXNativeTarget "pocketmoneyTests" */;
			buildPhases = (
				D1D369371B2C396C008B79F7 /* Sources */,
				D1D369381B2C396C008B79F7 /* Frameworks */,
				D1D369391B2C396C008B79F7 /* Resources */,
			);
			buildRules = (
			);
			dependencies = (
				D1D3693D1B2C396C008B79F7 /* PBXTargetDependency */,
			);
			name = pocketmoneyTests;
			productName = pocketmoneyTests;
			productReference = D1D3693B1B2C396C008B79F7 /* pocketmoneyTests.xctest */;
			productType = "com.apple.product-type.bundle.unit-test";
		};
/* End PBXNativeTarget section */

/* Begin PBXProject section */
		D1D3691C1B2C396C008B79F7 /* Project object */ = {
			isa = PBXProject;
			attributes = {
				LastUpgradeCheck = 0630;
				ORGANIZATIONNAME = pocketmoney;
				TargetAttributes = {
					D1D369231B2C396C008B79F7 = {
						CreatedOnToolsVersion = 6.3.2;
					};
					D1D3693A1B2C396C008B79F7 = {
						CreatedOnToolsVersion = 6.3.2;
						TestTargetID = D1D369231B2C396C008B79F7;
					};
				};
			};
			buildConfigurationList = D1D3691F1B2C396C008B79F7 /* Build configuration list for PBXProject "pocketmoney" */;
			compatibilityVersion = "Xcode 3.2";
			developmentRegion = English;
			hasScannedForEncodings = 0;
			knownRegions = (
				en,
				Base,
			);
			mainGroup = D1D3691B1B2C396C008B79F7;
			productRefGroup = D1D369251B2C396C008B79F7 /* Products */;
			projectDirPath = "";
			projectRoot = "";
			targets = (
				D1D369231B2C396C008B79F7 /* pocketmoney */,
				D1D3693A1B2C396C008B79F7 /* pocketmoneyTests */,
			);
		};
/* End PBXProject section */

/* Begin PBXResourcesBuildPhase section */
		D1D369221B2C396C008B79F7 /* Resources */ = {
			isa = PBXResourcesBuildPhase;
			buildActionMask = 2147483647;
			files = (
				D1D369311B2C396C008B79F7 /* Main.storyboard in Resources */,
				D1D369361B2C396C008B79F7 /* LaunchScreen.xib in Resources */,
				D1D369331B2C396C008B79F7 /* Images.xcassets in Resources */,
			);
			runOnlyForDeploymentPostprocessing = 0;
		};
		D1D369391B2C396C008B79F7 /* Resources */ = {
			isa = PBXResourcesBuildPhase;
			buildActionMask = 2147483647;
			files = (
			);
			runOnlyForDeploymentPostprocessing = 0;
		};
/* End PBXResourcesBuildPhase section */

/* Begin PBXShellScriptBuildPhase section */
		495154D47C1A5D0B1DA3DA24 /* Embed Pods Frameworks */ = {
			isa = PBXShellScriptBuildPhase;
			buildActionMask = 2147483647;
			files = (
			);
			inputPaths = (
			);
			name = "Embed Pods Frameworks";
			outputPaths = (
			);
			runOnlyForDeploymentPostprocessing = 0;
			shellPath = /bin/sh;
			shellScript = "\"${SRCROOT}/Pods/Target Support Files/Pods/Pods-frameworks.sh\"\n";
			showEnvVarsInLog = 0;
		};
		5A1AC8E42E0725037DF99F9C /* Check Pods Manifest.lock */ = {
			isa = PBXShellScriptBuildPhase;
			buildActionMask = 2147483647;
			files = (
			);
			inputPaths = (
			);
			name = "Check Pods Manifest.lock";
			outputPaths = (
			);
			runOnlyForDeploymentPostprocessing = 0;
			shellPath = /bin/sh;
			shellScript = "diff \"${PODS_ROOT}/../Podfile.lock\" \"${PODS_ROOT}/Manifest.lock\" > /dev/null\nif [[ $? != 0 ]] ; then\n    cat << EOM\nerror: The sandbox is not in sync with the Podfile.lock. Run 'pod install' or update your CocoaPods installation.\nEOM\n    exit 1\nfi\n";
			showEnvVarsInLog = 0;
		};
		F0404558EE963A4D6EDB3EC2 /* Copy Pods Resources */ = {
			isa = PBXShellScriptBuildPhase;
			buildActionMask = 2147483647;
			files = (
			);
			inputPaths = (
			);
			name = "Copy Pods Resources";
			outputPaths = (
			);
			runOnlyForDeploymentPostprocessing = 0;
			shellPath = /bin/sh;
			shellScript = "\"${SRCROOT}/Pods/Target Support Files/Pods/Pods-resources.sh\"\n";
			showEnvVarsInLog = 0;
		};
/* End PBXShellScriptBuildPhase section */

/* Begin PBXSourcesBuildPhase section */
		D1D369201B2C396C008B79F7 /* Sources */ = {
			isa = PBXSourcesBuildPhase;
			buildActionMask = 2147483647;
			files = (
				B57BDB511B2C7E9800939199 /* PersonsViewController.swift in Sources */,
				B57BDB4B1B2C590600939199 /* LoginViewController.swift in Sources */,
				D1D3692E1B2C396C008B79F7 /* TransactionsViewController.swift in Sources */,
				D1D3692A1B2C396C008B79F7 /* AppDelegate.swift in Sources */,
				B57BDB4F1B2C65AE00939199 /* FriendsListController.swift in Sources */,
				D1D3692C1B2C396C008B79F7 /* FirstViewController.swift in Sources */,
				B57BDB4D1B2C608900939199 /* InitialTabbarController.swift in Sources */,
				B57BDB531B2C839500939199 /* ScanViewController.swift in Sources */,
			);
			runOnlyForDeploymentPostprocessing = 0;
		};
		D1D369371B2C396C008B79F7 /* Sources */ = {
			isa = PBXSourcesBuildPhase;
			buildActionMask = 2147483647;
			files = (
				D1D369421B2C396C008B79F7 /* pocketmoneyTests.swift in Sources */,
			);
			runOnlyForDeploymentPostprocessing = 0;
		};
/* End PBXSourcesBuildPhase section */

/* Begin PBXTargetDependency section */
		D1D3693D1B2C396C008B79F7 /* PBXTargetDependency */ = {
			isa = PBXTargetDependency;
			target = D1D369231B2C396C008B79F7 /* pocketmoney */;
			targetProxy = D1D3693C1B2C396C008B79F7 /* PBXContainerItemProxy */;
		};
/* End PBXTargetDependency section */

/* Begin PBXVariantGroup section */
		D1D3692F1B2C396C008B79F7 /* Main.storyboard */ = {
			isa = PBXVariantGroup;
			children = (
				D1D369301B2C396C008B79F7 /* Base */,
			);
			name = Main.storyboard;
			sourceTree = "<group>";
		};
		D1D369341B2C396C008B79F7 /* LaunchScreen.xib */ = {
			isa = PBXVariantGroup;
			children = (
				D1D369351B2C396C008B79F7 /* Base */,
			);
			name = LaunchScreen.xib;
			sourceTree = "<group>";
		};
/* End PBXVariantGroup section */

/* Begin XCBuildConfiguration section */
		D1D369431B2C396C008B79F7 /* Debug */ = {
			isa = XCBuildConfiguration;
			buildSettings = {
				ALWAYS_SEARCH_USER_PATHS = NO;
				CLANG_CXX_LANGUAGE_STANDARD = "gnu++0x";
				CLANG_CXX_LIBRARY = "libc++";
				CLANG_ENABLE_MODULES = YES;
				CLANG_ENABLE_OBJC_ARC = YES;
				CLANG_WARN_BOOL_CONVERSION = YES;
				CLANG_WARN_CONSTANT_CONVERSION = YES;
				CLANG_WARN_DIRECT_OBJC_ISA_USAGE = YES_ERROR;
				CLANG_WARN_EMPTY_BODY = YES;
				CLANG_WARN_ENUM_CONVERSION = YES;
				CLANG_WARN_INT_CONVERSION = YES;
				CLANG_WARN_OBJC_ROOT_CLASS = YES_ERROR;
				CLANG_WARN_UNREACHABLE_CODE = YES;
				CLANG_WARN__DUPLICATE_METHOD_MATCH = YES;
				"CODE_SIGN_IDENTITY[sdk=iphoneos*]" = "iPhone Developer";
				COPY_PHASE_STRIP = NO;
				DEBUG_INFORMATION_FORMAT = "dwarf-with-dsym";
				ENABLE_STRICT_OBJC_MSGSEND = YES;
				GCC_C_LANGUAGE_STANDARD = gnu99;
				GCC_DYNAMIC_NO_PIC = NO;
				GCC_NO_COMMON_BLOCKS = YES;
				GCC_OPTIMIZATION_LEVEL = 0;
				GCC_PREPROCESSOR_DEFINITIONS = (
					"DEBUG=1",
					"$(inherited)",
				);
				GCC_SYMBOLS_PRIVATE_EXTERN = NO;
				GCC_WARN_64_TO_32_BIT_CONVERSION = YES;
				GCC_WARN_ABOUT_RETURN_TYPE = YES_ERROR;
				GCC_WARN_UNDECLARED_SELECTOR = YES;
				GCC_WARN_UNINITIALIZED_AUTOS = YES_AGGRESSIVE;
				GCC_WARN_UNUSED_FUNCTION = YES;
				GCC_WARN_UNUSED_VARIABLE = YES;
				IPHONEOS_DEPLOYMENT_TARGET = 8.3;
				MTL_ENABLE_DEBUG_INFO = YES;
				ONLY_ACTIVE_ARCH = YES;
				SDKROOT = iphoneos;
				SWIFT_OPTIMIZATION_LEVEL = "-Onone";
			};
			name = Debug;
		};
		D1D369441B2C396C008B79F7 /* Release */ = {
			isa = XCBuildConfiguration;
			buildSettings = {
				ALWAYS_SEARCH_USER_PATHS = NO;
				CLANG_CXX_LANGUAGE_STANDARD = "gnu++0x";
				CLANG_CXX_LIBRARY = "libc++";
				CLANG_ENABLE_MODULES = YES;
				CLANG_ENABLE_OBJC_ARC = YES;
				CLANG_WARN_BOOL_CONVERSION = YES;
				CLANG_WARN_CONSTANT_CONVERSION = YES;
				CLANG_WARN_DIRECT_OBJC_ISA_USAGE = YES_ERROR;
				CLANG_WARN_EMPTY_BODY = YES;
				CLANG_WARN_ENUM_CONVERSION = YES;
				CLANG_WARN_INT_CONVERSION = YES;
				CLANG_WARN_OBJC_ROOT_CLASS = YES_ERROR;
				CLANG_WARN_UNREACHABLE_CODE = YES;
				CLANG_WARN__DUPLICATE_METHOD_MATCH = YES;
				"CODE_SIGN_IDENTITY[sdk=iphoneos*]" = "iPhone Developer";
				COPY_PHASE_STRIP = NO;
				DEBUG_INFORMATION_FORMAT = "dwarf-with-dsym";
				ENABLE_NS_ASSERTIONS = NO;
				ENABLE_STRICT_OBJC_MSGSEND = YES;
				GCC_C_LANGUAGE_STANDARD = gnu99;
				GCC_NO_COMMON_BLOCKS = YES;
				GCC_WARN_64_TO_32_BIT_CONVERSION = YES;
				GCC_WARN_ABOUT_RETURN_TYPE = YES_ERROR;
				GCC_WARN_UNDECLARED_SELECTOR = YES;
				GCC_WARN_UNINITIALIZED_AUTOS = YES_AGGRESSIVE;
				GCC_WARN_UNUSED_FUNCTION = YES;
				GCC_WARN_UNUSED_VARIABLE = YES;
				IPHONEOS_DEPLOYMENT_TARGET = 8.3;
				MTL_ENABLE_DEBUG_INFO = NO;
				SDKROOT = iphoneos;
				VALIDATE_PRODUCT = YES;
			};
			name = Release;
		};
		D1D369461B2C396C008B79F7 /* Debug */ = {
			isa = XCBuildConfiguration;
			baseConfigurationReference = A85F50EA1590B9EBD80AF0E4 /* Pods.debug.xcconfig */;
			buildSettings = {
				ASSETCATALOG_COMPILER_APPICON_NAME = AppIcon;
				CLANG_ENABLE_MODULES = YES;
				INFOPLIST_FILE = pocketmoney/Info.plist;
				LD_RUNPATH_SEARCH_PATHS = "$(inherited) @executable_path/Frameworks";
				PRODUCT_NAME = "$(TARGET_NAME)";
				SWIFT_OBJC_BRIDGING_HEADER = "pocketmoney/pocketmoney-Bridging-Header.h";
				SWIFT_OPTIMIZATION_LEVEL = "-Onone";
			};
			name = Debug;
		};
		D1D369471B2C396C008B79F7 /* Release */ = {
			isa = XCBuildConfiguration;
			baseConfigurationReference = 3890560D6DFB08EBC1BE525A /* Pods.release.xcconfig */;
			buildSettings = {
				ASSETCATALOG_COMPILER_APPICON_NAME = AppIcon;
				CLANG_ENABLE_MODULES = YES;
				INFOPLIST_FILE = pocketmoney/Info.plist;
				LD_RUNPATH_SEARCH_PATHS = "$(inherited) @executable_path/Frameworks";
				PRODUCT_NAME = "$(TARGET_NAME)";
				SWIFT_OBJC_BRIDGING_HEADER = "pocketmoney/pocketmoney-Bridging-Header.h";
			};
			name = Release;
		};
		D1D369491B2C396C008B79F7 /* Debug */ = {
			isa = XCBuildConfiguration;
			buildSettings = {
				BUNDLE_LOADER = "$(TEST_HOST)";
				FRAMEWORK_SEARCH_PATHS = (
					"$(SDKROOT)/Developer/Library/Frameworks",
					"$(inherited)",
				);
				GCC_PREPROCESSOR_DEFINITIONS = (
					"DEBUG=1",
					"$(inherited)",
				);
				INFOPLIST_FILE = pocketmoneyTests/Info.plist;
				LD_RUNPATH_SEARCH_PATHS = "$(inherited) @executable_path/Frameworks @loader_path/Frameworks";
				PRODUCT_NAME = "$(TARGET_NAME)";
				TEST_HOST = "$(BUILT_PRODUCTS_DIR)/pocketmoney.app/pocketmoney";
			};
			name = Debug;
		};
		D1D3694A1B2C396C008B79F7 /* Release */ = {
			isa = XCBuildConfiguration;
			buildSettings = {
				BUNDLE_LOADER = "$(TEST_HOST)";
				FRAMEWORK_SEARCH_PATHS = (
					"$(SDKROOT)/Developer/Library/Frameworks",
					"$(inherited)",
				);
				INFOPLIST_FILE = pocketmoneyTests/Info.plist;
				LD_RUNPATH_SEARCH_PATHS = "$(inherited) @executable_path/Frameworks @loader_path/Frameworks";
				PRODUCT_NAME = "$(TARGET_NAME)";
				TEST_HOST = "$(BUILT_PRODUCTS_DIR)/pocketmoney.app/pocketmoney";
			};
			name = Release;
		};
/* End XCBuildConfiguration section */

/* Begin XCConfigurationList section */
		D1D3691F1B2C396C008B79F7 /* Build configuration list for PBXProject "pocketmoney" */ = {
			isa = XCConfigurationList;
			buildConfigurations = (
				D1D369431B2C396C008B79F7 /* Debug */,
				D1D369441B2C396C008B79F7 /* Release */,
			);
			defaultConfigurationIsVisible = 0;
			defaultConfigurationName = Release;
		};
		D1D369451B2C396C008B79F7 /* Build configuration list for PBXNativeTarget "pocketmoney" */ = {
			isa = XCConfigurationList;
			buildConfigurations = (
				D1D369461B2C396C008B79F7 /* Debug */,
				D1D369471B2C396C008B79F7 /* Release */,
			);
			defaultConfigurationIsVisible = 0;
			defaultConfigurationName = Release;
		};
		D1D369481B2C396C008B79F7 /* Build configuration list for PBXNativeTarget "pocketmoneyTests" */ = {
			isa = XCConfigurationList;
			buildConfigurations = (
				D1D369491B2C396C008B79F7 /* Debug */,
				D1D3694A1B2C396C008B79F7 /* Release */,
			);
			defaultConfigurationIsVisible = 0;
			defaultConfigurationName = Release;
		};
/* End XCConfigurationList section */
	};
	rootObject = D1D3691C1B2C396C008B79F7 /* Project object */;
}
